
Microsoft Visual Studio Solution File, Format Version 12.00
# Visual Studio Version 17
VisualStudioVersion = 17.12.35527.113
MinimumVisualStudioVersion = 10.0.40219.1
Project("{FAE04EC0-301F-11D3-BF4B-00C04F79EFBC}") = "ShopAssist", "ShopAssist\ShopAssist.csproj", "{FB827A35-2BC9-444E-A498-3E3330F27191}"
EndProject
Project("{FAE04EC0-301F-11D3-BF4B-00C04F79EFBC}") = "ShopAssistTests", "ShopAssistTests\ShopAssistTests.csproj", "{6DFD2E34-6023-4432-B337-1ED00F201E71}"
EndProject
Global
	GlobalSection(SolutionConfigurationPlatforms) = preSolution
		Debug|Any CPU = Debug|Any CPU
		Release|Any CPU = Release|Any CPU
	EndGlobalSection
	GlobalSection(ProjectConfigurationPlatforms) = postSolution
		{FB827A35-2BC9-444E-A498-3E3330F27191}.Debug|Any CPU.ActiveCfg = Debug|Any CPU
		{FB827A35-2BC9-444E-A498-3E3330F27191}.Debug|Any CPU.Build.0 = Debug|Any CPU
		{FB827A35-2BC9-444E-A498-3E3330F27191}.Release|Any CPU.ActiveCfg = Release|Any CPU
		{FB827A35-2BC9-444E-A498-3E3330F27191}.Release|Any CPU.Build.0 = Release|Any CPU
		{6DFD2E34-6023-4432-B337-1ED00F201E71}.Debug|Any CPU.ActiveCfg = Debug|Any CPU
		{6DFD2E34-6023-4432-B337-1ED00F201E71}.Debug|Any CPU.Build.0 = Debug|Any CPU
		{6DFD2E34-6023-4432-B337-1ED00F201E71}.Release|Any CPU.ActiveCfg = Release|Any CPU
		{6DFD2E34-6023-4432-B337-1ED00F201E71}.Release|Any CPU.Build.0 = Release|Any CPU
	EndGlobalSection
	GlobalSection(SolutionProperties) = preSolution
		HideSolutionNode = FALSE
	EndGlobalSection
EndGlobal
